
Microsoft Visual Studio Solution File, Format Version 12.00
# Visual Studio Version 17
VisualStudioVersion = 17.3.32825.248
MinimumVisualStudioVersion = 10.0.40219.1
Project("{9A19103F-16F7-4668-BE54-9A1E7A4F7556}") = "feedbackapi", "feedbackapi\feedbackapi.csproj", "{ED595F54-4327-4348-90B6-679AF610597D}"
EndProject
Project("{9A19103F-16F7-4668-BE54-9A1E7A4F7556}") = "feedbackapi.Model", "feedbackapi.Model\feedbackapi.Model.csproj", "{8BA30433-B61A-41CD-A876-22CF1DA4A89E}"
EndProject
Project("{9A19103F-16F7-4668-BE54-9A1E7A4F7556}") = "feedbackapi.DAL", "feedbackapi.DAL\feedbackapi.DAL.csproj", "{074B452B-1253-4381-BC91-262952C70DA1}"
EndProject
Project("{FAE04EC0-301F-11D3-BF4B-00C04F79EFBC}") = "feedbackapi.BLL", "feedbackapi.BLL\feedbackapi.BLL.csproj", "{EBCF932C-1111-4440-BDFB-1734AA26A792}"
EndProject
Global
	GlobalSection(SolutionConfigurationPlatforms) = preSolution
		Debug|Any CPU = Debug|Any CPU
		Release|Any CPU = Release|Any CPU
	EndGlobalSection
	GlobalSection(ProjectConfigurationPlatforms) = postSolution
		{ED595F54-4327-4348-90B6-679AF610597D}.Debug|Any CPU.ActiveCfg = Debug|Any CPU
		{ED595F54-4327-4348-90B6-679AF610597D}.Debug|Any CPU.Build.0 = Debug|Any CPU
		{ED595F54-4327-4348-90B6-679AF610597D}.Release|Any CPU.ActiveCfg = Release|Any CPU
		{ED595F54-4327-4348-90B6-679AF610597D}.Release|Any CPU.Build.0 = Release|Any CPU
		{8BA30433-B61A-41CD-A876-22CF1DA4A89E}.Debug|Any CPU.ActiveCfg = Debug|Any CPU
		{8BA30433-B61A-41CD-A876-22CF1DA4A89E}.Debug|Any CPU.Build.0 = Debug|Any CPU
		{8BA30433-B61A-41CD-A876-22CF1DA4A89E}.Release|Any CPU.ActiveCfg = Release|Any CPU
		{8BA30433-B61A-41CD-A876-22CF1DA4A89E}.Release|Any CPU.Build.0 = Release|Any CPU
		{074B452B-1253-4381-BC91-262952C70DA1}.Debug|Any CPU.ActiveCfg = Debug|Any CPU
		{074B452B-1253-4381-BC91-262952C70DA1}.Debug|Any CPU.Build.0 = Debug|Any CPU
		{074B452B-1253-4381-BC91-262952C70DA1}.Release|Any CPU.ActiveCfg = Release|Any CPU
		{074B452B-1253-4381-BC91-262952C70DA1}.Release|Any CPU.Build.0 = Release|Any CPU
		{EBCF932C-1111-4440-BDFB-1734AA26A792}.Debug|Any CPU.ActiveCfg = Debug|Any CPU
		{EBCF932C-1111-4440-BDFB-1734AA26A792}.Debug|Any CPU.Build.0 = Debug|Any CPU
		{EBCF932C-1111-4440-BDFB-1734AA26A792}.Release|Any CPU.ActiveCfg = Release|Any CPU
		{EBCF932C-1111-4440-BDFB-1734AA26A792}.Release|Any CPU.Build.0 = Release|Any CPU
	EndGlobalSection
	GlobalSection(SolutionProperties) = preSolution
		HideSolutionNode = FALSE
	EndGlobalSection
	GlobalSection(ExtensibilityGlobals) = postSolution
		SolutionGuid = {963017C9-F06A-458A-85DC-4F2C680CF2AD}
	EndGlobalSection
EndGlobal
